
Microsoft Visual Studio Solution File, Format Version 12.00
# Visual Studio Version 17
VisualStudioVersion = 17.13.35913.81
MinimumVisualStudioVersion = 10.0.40219.1
Project("{FAE04EC0-301F-11D3-BF4B-00C04F79EFBC}") = "TodoAppNTier.DataAccess", "TodoAppNTier.DataAccess\TodoAppNTier.DataAccess.csproj", "{5CB42A2D-FD25-42E7-AF6A-4BB7CA0C7DD3}"
EndProject
Project("{FAE04EC0-301F-11D3-BF4B-00C04F79EFBC}") = "TodoAppNTier.Business", "TodoAppNTier.Business\TodoAppNTier.Business.csproj", "{C99DFD77-039A-403B-B1CC-60B09ED3C99E}"
EndProject
Project("{FAE04EC0-301F-11D3-BF4B-00C04F79EFBC}") = "TodoAppNTier.Entities", "TodoAppNTier.Entities\TodoAppNTier.Entities.csproj", "{6F8B6F46-CACD-4A53-9732-18DC86C60C53}"
EndProject
Project("{FAE04EC0-301F-11D3-BF4B-00C04F79EFBC}") = "TodoAppNTier.Dtos", "TodoAppNTier.Dtos\TodoAppNTier.Dtos.csproj", "{699970D8-B1F9-4D9A-AB10-3D9C872C1B1F}"
EndProject
Project("{FAE04EC0-301F-11D3-BF4B-00C04F79EFBC}") = "TodoAppNTier.UI", "TodoAppNTier.UI\TodoAppNTier.UI.csproj", "{36226B4E-FA6D-4FEE-A340-47EBBBC5EA45}"
EndProject
Global
	GlobalSection(SolutionConfigurationPlatforms) = preSolution
		Debug|Any CPU = Debug|Any CPU
		Release|Any CPU = Release|Any CPU
	EndGlobalSection
	GlobalSection(ProjectConfigurationPlatforms) = postSolution
		{5CB42A2D-FD25-42E7-AF6A-4BB7CA0C7DD3}.Debug|Any CPU.ActiveCfg = Debug|Any CPU
		{5CB42A2D-FD25-42E7-AF6A-4BB7CA0C7DD3}.Debug|Any CPU.Build.0 = Debug|Any CPU
		{5CB42A2D-FD25-42E7-AF6A-4BB7CA0C7DD3}.Release|Any CPU.ActiveCfg = Release|Any CPU
		{5CB42A2D-FD25-42E7-AF6A-4BB7CA0C7DD3}.Release|Any CPU.Build.0 = Release|Any CPU
		{C99DFD77-039A-403B-B1CC-60B09ED3C99E}.Debug|Any CPU.ActiveCfg = Debug|Any CPU
		{C99DFD77-039A-403B-B1CC-60B09ED3C99E}.Debug|Any CPU.Build.0 = Debug|Any CPU
		{C99DFD77-039A-403B-B1CC-60B09ED3C99E}.Release|Any CPU.ActiveCfg = Release|Any CPU
		{C99DFD77-039A-403B-B1CC-60B09ED3C99E}.Release|Any CPU.Build.0 = Release|Any CPU
		{6F8B6F46-CACD-4A53-9732-18DC86C60C53}.Debug|Any CPU.ActiveCfg = Debug|Any CPU
		{6F8B6F46-CACD-4A53-9732-18DC86C60C53}.Debug|Any CPU.Build.0 = Debug|Any CPU
		{6F8B6F46-CACD-4A53-9732-18DC86C60C53}.Release|Any CPU.ActiveCfg = Release|Any CPU
		{6F8B6F46-CACD-4A53-9732-18DC86C60C53}.Release|Any CPU.Build.0 = Release|Any CPU
		{699970D8-B1F9-4D9A-AB10-3D9C872C1B1F}.Debug|Any CPU.ActiveCfg = Debug|Any CPU
		{699970D8-B1F9-4D9A-AB10-3D9C872C1B1F}.Debug|Any CPU.Build.0 = Debug|Any CPU
		{699970D8-B1F9-4D9A-AB10-3D9C872C1B1F}.Release|Any CPU.ActiveCfg = Release|Any CPU
		{699970D8-B1F9-4D9A-AB10-3D9C872C1B1F}.Release|Any CPU.Build.0 = Release|Any CPU
		{36226B4E-FA6D-4FEE-A340-47EBBBC5EA45}.Debug|Any CPU.ActiveCfg = Debug|Any CPU
		{36226B4E-FA6D-4FEE-A340-47EBBBC5EA45}.Debug|Any CPU.Build.0 = Debug|Any CPU
		{36226B4E-FA6D-4FEE-A340-47EBBBC5EA45}.Release|Any CPU.ActiveCfg = Release|Any CPU
		{36226B4E-FA6D-4FEE-A340-47EBBBC5EA45}.Release|Any CPU.Build.0 = Release|Any CPU
	EndGlobalSection
	GlobalSection(SolutionProperties) = preSolution
		HideSolutionNode = FALSE
	EndGlobalSection
	GlobalSection(ExtensibilityGlobals) = postSolution
		SolutionGuid = {6AA723FC-18F6-4A93-8F0F-1B0951846046}
	EndGlobalSection
EndGlobal
